PODS:
  - GPUImage/Basic (0.1.0):
    - GPUImage/GL
  - GPUImage/GL (0.1.0)

DEPENDENCIES:
  - GPUImage/Basic (from `../`)

EXTERNAL SOURCES:
  GPUImage:
    :path: ../

SPEC CHECKSUMS:
  GPUImage: 566c5bdc4fd8de49463c3403d82e1cd43e867ad7

PODFILE CHECKSUM: 97a872d0ed4802a662cec565fa0588287901ec81

COCOAPODS: 1.2.1
