PODS:
  - GPUImage/Basic (0.3.1):
    - GPUImage/GL
  - GPUImage/CustomFilter (0.3.1):
    - GPUImage/Filter
  - GPUImage/Filter (0.3.1):
    - GPUImage/Basic
  - GPUImage/GL (0.3.1)

DEPENDENCIES:
  - GPUImage/CustomFilter (from `../`)

EXTERNAL SOURCES:
  GPUImage:
    :path: ../

SPEC CHECKSUMS:
  GPUImage: 8eee9e1fab2c1176f8a247e3dd461c48e9b4d325

PODFILE CHECKSUM: ffead549ec068db30063500fc7d674e656797df6

COCOAPODS: 1.2.1
